
Microsoft Visual Studio Solution File, Format Version 12.00
# Visual Studio 15
VisualStudioVersion = 15.0.27130.2003
MinimumVisualStudioVersion = 10.0.40219.1
Project("{9A19103F-16F7-4668-BE54-9A1E7A4F7556}") = "BlockchainNet.Core", "BlockchainNet.Core\BlockchainNet.Core.csproj", "{E12B3E37-BEC9-487C-BD37-2F4FBB73C327}"
EndProject
Project("{9A19103F-16F7-4668-BE54-9A1E7A4F7556}") = "BlockchainNet.Test", "BlockchainNet.Test\BlockchainNet.Test.csproj", "{B8605C60-4CA1-44B6-B2CA-FCA327761FBC}"
EndProject
Project("{9A19103F-16F7-4668-BE54-9A1E7A4F7556}") = "BlockchainNet.Pipe", "BlockchainNet.Pipe\BlockchainNet.Pipe.csproj", "{9C6841D3-4AF4-4C90-A31E-77E02E9EB205}"
EndProject
Project("{FAE04EC0-301F-11D3-BF4B-00C04F79EFBC}") = "BlockchainNet.Console", "BlockchainNet.Console\BlockchainNet.Console.csproj", "{EA1551CD-FD60-448D-9902-AE75EF4EA1CE}"
EndProject
Project("{2150E333-8FDC-42A3-9474-1A3956D46DE8}") = "VIew", "VIew", "{0FF3A697-FD4F-4C24-B82D-E79B821EF19E}"
EndProject
Global
	GlobalSection(SolutionConfigurationPlatforms) = preSolution
		Debug|Any CPU = Debug|Any CPU
		Release|Any CPU = Release|Any CPU
	EndGlobalSection
	GlobalSection(ProjectConfigurationPlatforms) = postSolution
		{E12B3E37-BEC9-487C-BD37-2F4FBB73C327}.Debug|Any CPU.ActiveCfg = Debug|Any CPU
		{E12B3E37-BEC9-487C-BD37-2F4FBB73C327}.Debug|Any CPU.Build.0 = Debug|Any CPU
		{E12B3E37-BEC9-487C-BD37-2F4FBB73C327}.Release|Any CPU.ActiveCfg = Release|Any CPU
		{E12B3E37-BEC9-487C-BD37-2F4FBB73C327}.Release|Any CPU.Build.0 = Release|Any CPU
		{B8605C60-4CA1-44B6-B2CA-FCA327761FBC}.Debug|Any CPU.ActiveCfg = Debug|Any CPU
		{B8605C60-4CA1-44B6-B2CA-FCA327761FBC}.Debug|Any CPU.Build.0 = Debug|Any CPU
		{B8605C60-4CA1-44B6-B2CA-FCA327761FBC}.Release|Any CPU.ActiveCfg = Release|Any CPU
		{B8605C60-4CA1-44B6-B2CA-FCA327761FBC}.Release|Any CPU.Build.0 = Release|Any CPU
		{9C6841D3-4AF4-4C90-A31E-77E02E9EB205}.Debug|Any CPU.ActiveCfg = Debug|Any CPU
		{9C6841D3-4AF4-4C90-A31E-77E02E9EB205}.Debug|Any CPU.Build.0 = Debug|Any CPU
		{9C6841D3-4AF4-4C90-A31E-77E02E9EB205}.Release|Any CPU.ActiveCfg = Release|Any CPU
		{9C6841D3-4AF4-4C90-A31E-77E02E9EB205}.Release|Any CPU.Build.0 = Release|Any CPU
		{EA1551CD-FD60-448D-9902-AE75EF4EA1CE}.Debug|Any CPU.ActiveCfg = Debug|Any CPU
		{EA1551CD-FD60-448D-9902-AE75EF4EA1CE}.Debug|Any CPU.Build.0 = Debug|Any CPU
		{EA1551CD-FD60-448D-9902-AE75EF4EA1CE}.Release|Any CPU.ActiveCfg = Release|Any CPU
		{EA1551CD-FD60-448D-9902-AE75EF4EA1CE}.Release|Any CPU.Build.0 = Release|Any CPU
	EndGlobalSection
	GlobalSection(SolutionProperties) = preSolution
		HideSolutionNode = FALSE
	EndGlobalSection
	GlobalSection(NestedProjects) = preSolution
		{EA1551CD-FD60-448D-9902-AE75EF4EA1CE} = {0FF3A697-FD4F-4C24-B82D-E79B821EF19E}
	EndGlobalSection
	GlobalSection(ExtensibilityGlobals) = postSolution
		SolutionGuid = {E5054FAE-E246-4085-A010-EF728ACD8629}
	EndGlobalSection
EndGlobal
