Microsoft Visual Studio Solution File, Format Version 12.00
# Visual Studio 14
VisualStudioVersion = 14.0.23107.0
MinimumVisualStudioVersion = 10.0.40219.1
Project("{2150E333-8FDC-42A3-9474-1A3956D46DE8}") = "Desktop", "Desktop", "{25A18045-AEA7-48BD-8D4F-6A7DEF900011}"
EndProject
Project("{FAE04EC0-301F-11D3-BF4B-00C04F79EFBC}") = "Lain.Desktop", "Desktop\Lain.Desktop\Lain.Desktop.csproj", "{603F1995-9888-4B7D-B216-D0BD1B38CF91}"
EndProject
Project("{FAE04EC0-301F-11D3-BF4B-00C04F79EFBC}") = "Test", "Desktop\Test\Test.csproj", "{37302C59-0EC2-4109-8A5E-934987AA5ADB}"
EndProject
Project("{2150E333-8FDC-42A3-9474-1A3956D46DE8}") = "StoreApp", "StoreApp", "{6892BFD4-F49B-45AC-B0D2-C9F65BC6828F}"
EndProject
Project("{FAE04EC0-301F-11D3-BF4B-00C04F79EFBC}") = "Test", "StoreApp\Test\Test.csproj", "{D12CE695-5B05-4620-942A-4F072FC6E39F}"
EndProject
Project("{FAE04EC0-301F-11D3-BF4B-00C04F79EFBC}") = "Lain.StoreApp", "StoreApp\Lain.StoreApp\Lain.StoreApp.csproj", "{9AE1BAE5-5352-4DA3-A85D-236F8DB8F0AF}"
EndProject
Project("{FAE04EC0-301F-11D3-BF4B-00C04F79EFBC}") = "Lain.Core", "Lain.Core\Lain.Core.csproj", "{3B0C409D-1DFC-4C48-B734-72EF5A0DEB6F}"
EndProject
Global
	GlobalSection(SolutionConfigurationPlatforms) = preSolution
		Debug|Any CPU = Debug|Any CPU
		Debug|ARM = Debug|ARM
		Debug|x86 = Debug|x86
		Release|Any CPU = Release|Any CPU
		Release|ARM = Release|ARM
		Release|x86 = Release|x86
	EndGlobalSection
	GlobalSection(ProjectConfigurationPlatforms) = postSolution
		{603F1995-9888-4B7D-B216-D0BD1B38CF91}.Debug|Any CPU.ActiveCfg = Debug|Any CPU
		{603F1995-9888-4B7D-B216-D0BD1B38CF91}.Debug|Any CPU.Build.0 = Debug|Any CPU
		{603F1995-9888-4B7D-B216-D0BD1B38CF91}.Debug|ARM.ActiveCfg = Debug|Any CPU
		{603F1995-9888-4B7D-B216-D0BD1B38CF91}.Debug|ARM.Build.0 = Debug|Any CPU
		{603F1995-9888-4B7D-B216-D0BD1B38CF91}.Debug|x86.ActiveCfg = Debug|Any CPU
		{603F1995-9888-4B7D-B216-D0BD1B38CF91}.Debug|x86.Build.0 = Debug|Any CPU
		{603F1995-9888-4B7D-B216-D0BD1B38CF91}.Release|Any CPU.ActiveCfg = Release|Any CPU
		{603F1995-9888-4B7D-B216-D0BD1B38CF91}.Release|Any CPU.Build.0 = Release|Any CPU
		{603F1995-9888-4B7D-B216-D0BD1B38CF91}.Release|ARM.ActiveCfg = Release|Any CPU
		{603F1995-9888-4B7D-B216-D0BD1B38CF91}.Release|ARM.Build.0 = Release|Any CPU
		{603F1995-9888-4B7D-B216-D0BD1B38CF91}.Release|x86.ActiveCfg = Release|Any CPU
		{603F1995-9888-4B7D-B216-D0BD1B38CF91}.Release|x86.Build.0 = Release|Any CPU
		{37302C59-0EC2-4109-8A5E-934987AA5ADB}.Debug|Any CPU.ActiveCfg = Debug|Any CPU
		{37302C59-0EC2-4109-8A5E-934987AA5ADB}.Debug|Any CPU.Build.0 = Debug|Any CPU
		{37302C59-0EC2-4109-8A5E-934987AA5ADB}.Debug|ARM.ActiveCfg = Debug|Any CPU
		{37302C59-0EC2-4109-8A5E-934987AA5ADB}.Debug|ARM.Build.0 = Debug|Any CPU
		{37302C59-0EC2-4109-8A5E-934987AA5ADB}.Debug|x86.ActiveCfg = Debug|Any CPU
		{37302C59-0EC2-4109-8A5E-934987AA5ADB}.Debug|x86.Build.0 = Debug|Any CPU
		{37302C59-0EC2-4109-8A5E-934987AA5ADB}.Release|Any CPU.ActiveCfg = Release|Any CPU
		{37302C59-0EC2-4109-8A5E-934987AA5ADB}.Release|Any CPU.Build.0 = Release|Any CPU
		{37302C59-0EC2-4109-8A5E-934987AA5ADB}.Release|ARM.ActiveCfg = Release|Any CPU
		{37302C59-0EC2-4109-8A5E-934987AA5ADB}.Release|ARM.Build.0 = Release|Any CPU
		{37302C59-0EC2-4109-8A5E-934987AA5ADB}.Release|x86.ActiveCfg = Release|Any CPU
		{37302C59-0EC2-4109-8A5E-934987AA5ADB}.Release|x86.Build.0 = Release|Any CPU
		{D12CE695-5B05-4620-942A-4F072FC6E39F}.Debug|Any CPU.ActiveCfg = Debug|x86
		{D12CE695-5B05-4620-942A-4F072FC6E39F}.Debug|Any CPU.Build.0 = Debug|x86
		{D12CE695-5B05-4620-942A-4F072FC6E39F}.Debug|Any CPU.Deploy.0 = Debug|x86
		{D12CE695-5B05-4620-942A-4F072FC6E39F}.Debug|ARM.ActiveCfg = Debug|ARM
		{D12CE695-5B05-4620-942A-4F072FC6E39F}.Debug|ARM.Build.0 = Debug|ARM
		{D12CE695-5B05-4620-942A-4F072FC6E39F}.Debug|ARM.Deploy.0 = Debug|ARM
		{D12CE695-5B05-4620-942A-4F072FC6E39F}.Debug|x86.ActiveCfg = Debug|x86
		{D12CE695-5B05-4620-942A-4F072FC6E39F}.Debug|x86.Build.0 = Debug|x86
		{D12CE695-5B05-4620-942A-4F072FC6E39F}.Debug|x86.Deploy.0 = Debug|x86
		{D12CE695-5B05-4620-942A-4F072FC6E39F}.Release|Any CPU.ActiveCfg = Release|x86
		{D12CE695-5B05-4620-942A-4F072FC6E39F}.Release|Any CPU.Build.0 = Release|x86
		{D12CE695-5B05-4620-942A-4F072FC6E39F}.Release|Any CPU.Deploy.0 = Release|x86
		{D12CE695-5B05-4620-942A-4F072FC6E39F}.Release|ARM.ActiveCfg = Release|ARM
		{D12CE695-5B05-4620-942A-4F072FC6E39F}.Release|ARM.Build.0 = Release|ARM
		{D12CE695-5B05-4620-942A-4F072FC6E39F}.Release|ARM.Deploy.0 = Release|ARM
		{D12CE695-5B05-4620-942A-4F072FC6E39F}.Release|x86.ActiveCfg = Release|x86
		{D12CE695-5B05-4620-942A-4F072FC6E39F}.Release|x86.Build.0 = Release|x86
		{D12CE695-5B05-4620-942A-4F072FC6E39F}.Release|x86.Deploy.0 = Release|x86
		{9AE1BAE5-5352-4DA3-A85D-236F8DB8F0AF}.Debug|Any CPU.ActiveCfg = Debug|x86
		{9AE1BAE5-5352-4DA3-A85D-236F8DB8F0AF}.Debug|ARM.ActiveCfg = Debug|ARM
		{9AE1BAE5-5352-4DA3-A85D-236F8DB8F0AF}.Debug|ARM.Build.0 = Debug|ARM
		{9AE1BAE5-5352-4DA3-A85D-236F8DB8F0AF}.Debug|x86.ActiveCfg = Debug|x86
		{9AE1BAE5-5352-4DA3-A85D-236F8DB8F0AF}.Debug|x86.Build.0 = Debug|x86
		{9AE1BAE5-5352-4DA3-A85D-236F8DB8F0AF}.Release|Any CPU.ActiveCfg = Release|x86
		{9AE1BAE5-5352-4DA3-A85D-236F8DB8F0AF}.Release|Any CPU.Build.0 = Release|x86
		{9AE1BAE5-5352-4DA3-A85D-236F8DB8F0AF}.Release|ARM.ActiveCfg = Release|ARM
		{9AE1BAE5-5352-4DA3-A85D-236F8DB8F0AF}.Release|ARM.Build.0 = Release|ARM
		{9AE1BAE5-5352-4DA3-A85D-236F8DB8F0AF}.Release|x86.ActiveCfg = Release|x86
		{9AE1BAE5-5352-4DA3-A85D-236F8DB8F0AF}.Release|x86.Build.0 = Release|x86
		{3B0C409D-1DFC-4C48-B734-72EF5A0DEB6F}.Debug|Any CPU.ActiveCfg = Debug|Any CPU
		{3B0C409D-1DFC-4C48-B734-72EF5A0DEB6F}.Debug|Any CPU.Build.0 = Debug|Any CPU
		{3B0C409D-1DFC-4C48-B734-72EF5A0DEB6F}.Debug|ARM.ActiveCfg = Debug|Any CPU
		{3B0C409D-1DFC-4C48-B734-72EF5A0DEB6F}.Debug|ARM.Build.0 = Debug|Any CPU
		{3B0C409D-1DFC-4C48-B734-72EF5A0DEB6F}.Debug|x86.ActiveCfg = Debug|Any CPU
		{3B0C409D-1DFC-4C48-B734-72EF5A0DEB6F}.Debug|x86.Build.0 = Debug|Any CPU
		{3B0C409D-1DFC-4C48-B734-72EF5A0DEB6F}.Release|Any CPU.ActiveCfg = Release|Any CPU
		{3B0C409D-1DFC-4C48-B734-72EF5A0DEB6F}.Release|Any CPU.Build.0 = Release|Any CPU
		{3B0C409D-1DFC-4C48-B734-72EF5A0DEB6F}.Release|ARM.ActiveCfg = Release|Any CPU
		{3B0C409D-1DFC-4C48-B734-72EF5A0DEB6F}.Release|ARM.Build.0 = Release|Any CPU
		{3B0C409D-1DFC-4C48-B734-72EF5A0DEB6F}.Release|x86.ActiveCfg = Release|Any CPU
		{3B0C409D-1DFC-4C48-B734-72EF5A0DEB6F}.Release|x86.Build.0 = Release|Any CPU
	EndGlobalSection
	GlobalSection(SolutionProperties) = preSolution
		HideSolutionNode = FALSE
	EndGlobalSection
	GlobalSection(NestedProjects) = preSolution
		{603F1995-9888-4B7D-B216-D0BD1B38CF91} = {25A18045-AEA7-48BD-8D4F-6A7DEF900011}
		{37302C59-0EC2-4109-8A5E-934987AA5ADB} = {25A18045-AEA7-48BD-8D4F-6A7DEF900011}
		{D12CE695-5B05-4620-942A-4F072FC6E39F} = {6892BFD4-F49B-45AC-B0D2-C9F65BC6828F}
		{9AE1BAE5-5352-4DA3-A85D-236F8DB8F0AF} = {6892BFD4-F49B-45AC-B0D2-C9F65BC6828F}
	EndGlobalSection
EndGlobal
