{
    "_readme": [
        "This file locks the dependencies of your project to a known state",
        "Read more about it at https://getcomposer.org/doc/01-basic-usage.md#composer-lock-the-lock-file",
        "This file is @generated automatically"
    ],
    "content-hash": "e881b9f559bdd60419d64cf73e175653",
    "packages": [
        {
            "name": "leafo/scssphp",
            "version": "v0.7.1",
            "source": {
                "type": "git",
                "url": "https://github.com/leafo/scssphp.git",
                "reference": "9eaf3a6db4d88ce2c265a89e3fc495fbec9bf7a6"
            },
            "dist": {
                "type": "zip",
                "url": "https://api.github.com/repos/leafo/scssphp/zipball/9eaf3a6db4d88ce2c265a89e3fc495fbec9bf7a6",
                "reference": "9eaf3a6db4d88ce2c265a89e3fc495fbec9bf7a6",
                "shasum": ""
            },
            "require": {
                "php": ">=5.4.0"
            },
            "require-dev": {
                "phpunit/phpunit": "~4.6",
                "squizlabs/php_codesniffer": "~2.5"
            },
            "bin": [
                "bin/pscss"
            ],
            "type": "library",
            "autoload": {
                "psr-4": {
                    "Leafo\\ScssPhp\\": "src/"
                }
            },
            "notification-url": "https://packagist.org/downloads/",
            "license": [
                "MIT"
            ],
            "authors": [
                {
                    "name": "Leaf Corcoran",
                    "email": "leafot@gmail.com",
                    "homepage": "http://leafo.net"
                }
            ],
            "description": "scssphp is a compiler for SCSS written in PHP.",
            "homepage": "http://leafo.github.io/scssphp/",
            "keywords": [
                "css",
                "less",
                "sass",
                "scss",
                "stylesheet"
            ],
            "time": "2017-10-13T15:53:00+00:00"
        },
        {
            "name": "patchwork/jsqueeze",
            "version": "v2.0.5",
            "source": {
                "type": "git",
                "url": "https://github.com/tchwork/jsqueeze.git",
                "reference": "693d64850eab2ce6a7c8f7cf547e1ab46e69d542"
            },
            "dist": {
                "type": "zip",
                "url": "https://api.github.com/repos/tchwork/jsqueeze/zipball/693d64850eab2ce6a7c8f7cf547e1ab46e69d542",
                "reference": "693d64850eab2ce6a7c8f7cf547e1ab46e69d542",
                "shasum": ""
            },
            "require": {
                "php": ">=5.3.0"
            },
            "type": "library",
            "extra": {
                "branch-alias": {
                    "dev-master": "2.0-dev"
                }
            },
            "autoload": {
                "psr-4": {
                    "Patchwork\\": "src/"
                }
            },
            "notification-url": "https://packagist.org/downloads/",
            "license": [
                "(Apache-2.0 or GPL-2.0)"
            ],
            "authors": [
                {
                    "name": "Nicolas Grekas",
                    "email": "p@tchwork.com"
                }
            ],
            "description": "Efficient JavaScript minification in PHP",
            "homepage": "https://github.com/tchwork/jsqueeze",
            "keywords": [
                "compression",
                "javascript",
                "minification"
            ],
            "time": "2016-04-19T09:28:22+00:00"
        }
    ],
    "packages-dev": [],
    "aliases": [],
    "minimum-stability": "stable",
    "stability-flags": [],
    "prefer-stable": false,
    "prefer-lowest": false,
    "platform": [],
    "platform-dev": []
}
