
Microsoft Visual Studio Solution File, Format Version 12.00
# Visual Studio 2013
VisualStudioVersion = 12.0.30324.0
MinimumVisualStudioVersion = 10.0.40219.1
Project("{FAE04EC0-301F-11D3-BF4B-00C04F79EFBC}") = "TDF", "TDF\TDF.csproj", "{6B3AB776-9024-443E-974E-4B597EDF275E}"
EndProject
Project("{2150E333-8FDC-42A3-9474-1A3956D46DE8}") = "Examples", "Examples", "{1EF1DC5A-82DB-43FE-BD82-8CCBAA23C70A}"
EndProject
Project("{FAE04EC0-301F-11D3-BF4B-00C04F79EFBC}") = "SimpleEffect", "Examples\SimpleEffect\SimpleEffect.csproj", "{940D7FB7-9BFE-46B4-A75D-634904870DA6}"
EndProject
Project("{FAE04EC0-301F-11D3-BF4B-00C04F79EFBC}") = "TDF.WinFormsPanel", "TDF.WinFormsPanel\TDF.WinFormsPanel.csproj", "{63808066-6FEB-4AC2-B319-858E8FFBD8E4}"
EndProject
Project("{FAE04EC0-301F-11D3-BF4B-00C04F79EFBC}") = "ShaderViewer", "Examples\ShaderViewer\ShaderViewer.csproj", "{E298B27B-6C25-4F0D-AA7D-6DF5BA6CFF79}"
EndProject
Project("{FAE04EC0-301F-11D3-BF4B-00C04F79EFBC}") = "Example2D", "Examples\Example2D\Example2D.csproj", "{930B6E32-640F-4C6B-B9A7-918F02976185}"
EndProject
Project("{FAE04EC0-301F-11D3-BF4B-00C04F79EFBC}") = "CombinedExample", "Examples\CombinedExample\CombinedExample.csproj", "{5A6CFF92-03C3-454A-987D-91188A2C867B}"
EndProject
Project("{FAE04EC0-301F-11D3-BF4B-00C04F79EFBC}") = "ModelConverter", "Examples\ModelConverter\ModelConverter.csproj", "{C595ECD2-57C1-407A-80E6-5D1E111D9981}"
EndProject
Global
	GlobalSection(SolutionConfigurationPlatforms) = preSolution
		Debug|Any CPU = Debug|Any CPU
		Release|Any CPU = Release|Any CPU
	EndGlobalSection
	GlobalSection(ProjectConfigurationPlatforms) = postSolution
		{6B3AB776-9024-443E-974E-4B597EDF275E}.Debug|Any CPU.ActiveCfg = Release|Any CPU
		{6B3AB776-9024-443E-974E-4B597EDF275E}.Debug|Any CPU.Build.0 = Release|Any CPU
		{6B3AB776-9024-443E-974E-4B597EDF275E}.Release|Any CPU.ActiveCfg = Release|Any CPU
		{6B3AB776-9024-443E-974E-4B597EDF275E}.Release|Any CPU.Build.0 = Release|Any CPU
		{940D7FB7-9BFE-46B4-A75D-634904870DA6}.Debug|Any CPU.ActiveCfg = Debug|Any CPU
		{940D7FB7-9BFE-46B4-A75D-634904870DA6}.Debug|Any CPU.Build.0 = Debug|Any CPU
		{940D7FB7-9BFE-46B4-A75D-634904870DA6}.Release|Any CPU.ActiveCfg = Release|Any CPU
		{940D7FB7-9BFE-46B4-A75D-634904870DA6}.Release|Any CPU.Build.0 = Release|Any CPU
		{63808066-6FEB-4AC2-B319-858E8FFBD8E4}.Debug|Any CPU.ActiveCfg = Release|Any CPU
		{63808066-6FEB-4AC2-B319-858E8FFBD8E4}.Debug|Any CPU.Build.0 = Release|Any CPU
		{63808066-6FEB-4AC2-B319-858E8FFBD8E4}.Release|Any CPU.ActiveCfg = Release|Any CPU
		{63808066-6FEB-4AC2-B319-858E8FFBD8E4}.Release|Any CPU.Build.0 = Release|Any CPU
		{E298B27B-6C25-4F0D-AA7D-6DF5BA6CFF79}.Debug|Any CPU.ActiveCfg = Debug|Any CPU
		{E298B27B-6C25-4F0D-AA7D-6DF5BA6CFF79}.Debug|Any CPU.Build.0 = Debug|Any CPU
		{E298B27B-6C25-4F0D-AA7D-6DF5BA6CFF79}.Release|Any CPU.ActiveCfg = Release|Any CPU
		{E298B27B-6C25-4F0D-AA7D-6DF5BA6CFF79}.Release|Any CPU.Build.0 = Release|Any CPU
		{930B6E32-640F-4C6B-B9A7-918F02976185}.Debug|Any CPU.ActiveCfg = Debug|Any CPU
		{930B6E32-640F-4C6B-B9A7-918F02976185}.Debug|Any CPU.Build.0 = Debug|Any CPU
		{930B6E32-640F-4C6B-B9A7-918F02976185}.Release|Any CPU.ActiveCfg = Release|Any CPU
		{930B6E32-640F-4C6B-B9A7-918F02976185}.Release|Any CPU.Build.0 = Release|Any CPU
		{5A6CFF92-03C3-454A-987D-91188A2C867B}.Debug|Any CPU.ActiveCfg = Debug|Any CPU
		{5A6CFF92-03C3-454A-987D-91188A2C867B}.Debug|Any CPU.Build.0 = Debug|Any CPU
		{5A6CFF92-03C3-454A-987D-91188A2C867B}.Release|Any CPU.ActiveCfg = Release|Any CPU
		{5A6CFF92-03C3-454A-987D-91188A2C867B}.Release|Any CPU.Build.0 = Release|Any CPU
		{C595ECD2-57C1-407A-80E6-5D1E111D9981}.Debug|Any CPU.ActiveCfg = Debug|Any CPU
		{C595ECD2-57C1-407A-80E6-5D1E111D9981}.Debug|Any CPU.Build.0 = Debug|Any CPU
		{C595ECD2-57C1-407A-80E6-5D1E111D9981}.Release|Any CPU.ActiveCfg = Release|Any CPU
		{C595ECD2-57C1-407A-80E6-5D1E111D9981}.Release|Any CPU.Build.0 = Release|Any CPU
	EndGlobalSection
	GlobalSection(SolutionProperties) = preSolution
		HideSolutionNode = FALSE
	EndGlobalSection
	GlobalSection(NestedProjects) = preSolution
		{940D7FB7-9BFE-46B4-A75D-634904870DA6} = {1EF1DC5A-82DB-43FE-BD82-8CCBAA23C70A}
		{E298B27B-6C25-4F0D-AA7D-6DF5BA6CFF79} = {1EF1DC5A-82DB-43FE-BD82-8CCBAA23C70A}
		{930B6E32-640F-4C6B-B9A7-918F02976185} = {1EF1DC5A-82DB-43FE-BD82-8CCBAA23C70A}
		{5A6CFF92-03C3-454A-987D-91188A2C867B} = {1EF1DC5A-82DB-43FE-BD82-8CCBAA23C70A}
		{C595ECD2-57C1-407A-80E6-5D1E111D9981} = {1EF1DC5A-82DB-43FE-BD82-8CCBAA23C70A}
	EndGlobalSection
EndGlobal
